
Microsoft Visual Studio Solution File, Format Version 12.00
# Visual Studio Version 16
VisualStudioVersion = 16.0.31410.357
MinimumVisualStudioVersion = 10.0.40219.1
Project("{FAE04EC0-301F-11D3-BF4B-00C04F79EFBC}") = "HelloWPF", "HelloWPF\HelloWPF.csproj", "{B2587EA8-D492-41A0-A915-0A6BD6866D1D}"
EndProject
Project("{FAE04EC0-301F-11D3-BF4B-00C04F79EFBC}") = "mvvm_calculator", "mvvm_calculator\mvvm_calculator.csproj", "{86E06516-BBFC-4C4E-90AF-91564E4ED0B6}"
EndProject
Project("{FAE04EC0-301F-11D3-BF4B-00C04F79EFBC}") = "mvvm_study", "mvvm_study\mvvm_study.csproj", "{756B99E9-B6DE-494E-9141-23EED5505096}"
EndProject
Global
	GlobalSection(SolutionConfigurationPlatforms) = preSolution
		Debug|Any CPU = Debug|Any CPU
		Release|Any CPU = Release|Any CPU
	EndGlobalSection
	GlobalSection(ProjectConfigurationPlatforms) = postSolution
		{B2587EA8-D492-41A0-A915-0A6BD6866D1D}.Debug|Any CPU.ActiveCfg = Debug|Any CPU
		{B2587EA8-D492-41A0-A915-0A6BD6866D1D}.Debug|Any CPU.Build.0 = Debug|Any CPU
		{B2587EA8-D492-41A0-A915-0A6BD6866D1D}.Release|Any CPU.ActiveCfg = Release|Any CPU
		{B2587EA8-D492-41A0-A915-0A6BD6866D1D}.Release|Any CPU.Build.0 = Release|Any CPU
		{86E06516-BBFC-4C4E-90AF-91564E4ED0B6}.Debug|Any CPU.ActiveCfg = Debug|Any CPU
		{86E06516-BBFC-4C4E-90AF-91564E4ED0B6}.Debug|Any CPU.Build.0 = Debug|Any CPU
		{86E06516-BBFC-4C4E-90AF-91564E4ED0B6}.Release|Any CPU.ActiveCfg = Release|Any CPU
		{86E06516-BBFC-4C4E-90AF-91564E4ED0B6}.Release|Any CPU.Build.0 = Release|Any CPU
		{756B99E9-B6DE-494E-9141-23EED5505096}.Debug|Any CPU.ActiveCfg = Debug|Any CPU
		{756B99E9-B6DE-494E-9141-23EED5505096}.Debug|Any CPU.Build.0 = Debug|Any CPU
		{756B99E9-B6DE-494E-9141-23EED5505096}.Release|Any CPU.ActiveCfg = Release|Any CPU
		{756B99E9-B6DE-494E-9141-23EED5505096}.Release|Any CPU.Build.0 = Release|Any CPU
	EndGlobalSection
	GlobalSection(SolutionProperties) = preSolution
		HideSolutionNode = FALSE
	EndGlobalSection
	GlobalSection(ExtensibilityGlobals) = postSolution
		SolutionGuid = {76FC2FC0-E6CB-4FF5-A1E0-9F252D2F64D3}
	EndGlobalSection
EndGlobal
